
Microsoft Visual Studio Solution File, Format Version 12.00
# Visual Studio 15
VisualStudioVersion = 15.0.28010.2050
MinimumVisualStudioVersion = 10.0.40219.1
Project("{FAE04EC0-301F-11D3-BF4B-00C04F79EFBC}") = "ContainerReadyConsoleApp", "ContainerReadyConsoleApp\ContainerReadyConsoleApp.csproj", "{26BC7C78-FAD1-4C09-9964-ABD4171F1BC9}"
EndProject
Project("{E53339B2-1760-4266-BCC7-CA923CBCF16C}") = "docker-compose", "docker-compose.dcproj", "{6E22932D-3EA9-45D4-8090-5E475B4E0574}"
EndProject
Global
	GlobalSection(SolutionConfigurationPlatforms) = preSolution
		Debug|Any CPU = Debug|Any CPU
		Release|Any CPU = Release|Any CPU
	EndGlobalSection
	GlobalSection(ProjectConfigurationPlatforms) = postSolution
		{26BC7C78-FAD1-4C09-9964-ABD4171F1BC9}.Debug|Any CPU.ActiveCfg = Debug|Any CPU
		{26BC7C78-FAD1-4C09-9964-ABD4171F1BC9}.Debug|Any CPU.Build.0 = Debug|Any CPU
		{26BC7C78-FAD1-4C09-9964-ABD4171F1BC9}.Release|Any CPU.ActiveCfg = Release|Any CPU
		{26BC7C78-FAD1-4C09-9964-ABD4171F1BC9}.Release|Any CPU.Build.0 = Release|Any CPU
		{6E22932D-3EA9-45D4-8090-5E475B4E0574}.Debug|Any CPU.ActiveCfg = Debug|Any CPU
		{6E22932D-3EA9-45D4-8090-5E475B4E0574}.Debug|Any CPU.Build.0 = Debug|Any CPU
		{6E22932D-3EA9-45D4-8090-5E475B4E0574}.Release|Any CPU.ActiveCfg = Release|Any CPU
		{6E22932D-3EA9-45D4-8090-5E475B4E0574}.Release|Any CPU.Build.0 = Release|Any CPU
	EndGlobalSection
	GlobalSection(SolutionProperties) = preSolution
		HideSolutionNode = FALSE
	EndGlobalSection
	GlobalSection(ExtensibilityGlobals) = postSolution
		SolutionGuid = {3D9F5990-EB2B-4A42-AED9-AFB7BBA06D30}
	EndGlobalSection
EndGlobal
